github.com/aaronland/go-http-bootstrap v0.4.0 h1:W+wXKbJvpT7eW3hjjLNXDfJy980+G/xju6Y4S2VD7Kk=
github.com/aaronland/go-http-bootstrap v0.4.0/go.mod h1:v71tU1uyr8cSInBOV2vhnaV+l3bQ/yEtkPvchD1Ho64=
github.com/aaronland/go-http-rewrite v1.1.0 h1:HhsltNyYRnIz2FR+qANZLx2ykiRuNuNK1JgPonKBLHQ=
github.com/aaronland/go-http-rewrite v1.1.0/go.mod h1:iA9jQBureJrzO6fTzmRLS+fkbAI1Fna71iTb1hP8n3k=
github.com/aaronland/go-http-sanitize v0.0.5/go.mod h1:qUi4rzUPcpMntpUFnHK00yQI5vd/Q7x9MFYwX91/ygI=
github.com/aaronland/go-http-sanitize v0.0.8 h1:RRcwJwZtIb0J6xFPgW8a2OkQhMFG/uXkFFOFkCzMeKY=
github.com/aaronland/go-http-sanitize v0.0.8/go.mod h1:qUi4rzUPcpMntpUFnHK00yQI5vd/Q7x9MFYwX91/ygI=
github.com/aaronland/go-http-server v0.0.7/go.mod h1:6dtsZDrQG0XvUOCL0eaHsUw+7gw3Xa/Nm+XofvkSw2w=
github.com/aaronland/go-http-server v1.3.0 h1:LRkmG6i3BHTqxjtW6ZhcH0VpBo/UPSv0454u1GY0RK4=
github.com/aaronland/go-http-server v1.3.0/go.mod h1:m0lnF7yEaXAPBwa0oIAqyl4BkrtfFcDeTHXQYrlCavQ=
github.com/aaronland/go-http-static v0.0.3 h1:0MnYXNwGVDCzre5YwinfPSdAFHInbBbmBv5hJtb/FX8=
github.com/aaronland/go-http-static v0.0.3/go.mod h1:/s6lHGXq95ZR9nMJmE9slE4uMi92GP34CuG3f9xlfsY=
github.com/aaronland/go-log/v2 v2.0.0 h1:lMoaVDHd4Etaz2+ibze3ReqvHHG68z2SpuxYXv12WlE=
github.com/aaronland/go-log/v2 v2.0.0/go.mod h1:jOLBCaHVyOC7DQpbVFFQSiuU8CA8MRMrqA1mMSJQtLs=
github.com/aaronland/go-roster v0.0.2/go.mod h1:AcovpxlG1XxJxX2Fjqlm63fEIBhCjEIBV4lP87FZDmI=
github.com/aaronland/go-roster v1.0.0 h1:FRDGrTqsYySKjWnAhbBGXyeGlI/o5/t9FZYCbUmyQtI=
github.com/aaronland/go-roster v1.0.0/go.mod h1:KIsYZgrJlAsyb9LsXSCvlqvbcCBVjCSqcQiZx42i9ro=
github.com/akrylysov/algnhsa v0.0.0-20190319020909-05b3d192e9a7/go.mod h1:HhzjNA0EjUWcwHTUMwqrpeAdIF3gRmpH0HpWx1hYJSc=
github.com/akrylysov/algnhsa v1.0.0 h1:qlogYL9n7MfU/TJJJCKqpg6gLgCuR/IkdFGwIJClBnE=
github.com/akrylysov/algnhsa v1.0.0/go.mod h1:ConzNpk7uLAl7Hi5LqcImgl3Oq2flRe6W7zum5A1p/8=
github.com/aws/aws-lambda-go v1.9.0/go.mod h1:zUsUQhAUjYzR8AuduJPCfhBuKWUaDbQiPOG+ouzmE1A=
github.com/aws/aws-lambda-go v1.10.0/go.mod h1:zUsUQhAUjYzR8AuduJPCfhBuKWUaDbQiPOG+ouzmE1A=
github.com/aws/aws-lambda-go v1.41.0 h1:l/5fyVb6Ud9uYd411xdHZzSf2n86TakxzpvIoz7l+3Y=
github.com/aws/aws-lambda-go v1.41.0/go.mod h1:jwFe2KmMsHmffA1X2R09hH6lFzJQxzI8qK17ewzbQMM=
github.com/cheekybits/is v0.0.0-20150225183255-68e9c0620927/go.mod h1:h/aW8ynjgkuj+NQRlZcDbAbM1ORAbXjXX77sX7T289U=
github.com/davecgh/go-spew v1.1.0/go.mod h1:J7Y8YcW2NihsgmVo/mv3lAwl/skON4iLHjSsI+c5H38=
github.com/davecgh/go-spew v1.1.1 h1:vj9j/u1bqnvCEfJOwUhtlOARqs3+rkHYY13jYWTU97c=
github.com/djherbis/atime v1.1.0/go.mod h1:28OF6Y8s3NQWwacXc5eZTsEsiMzp7LF8MbXE+XJPdBE=
github.com/dustin/go-humanize v1.0.0/go.mod h1:HtrtbFcZ19U5GC7JDqmcUSB87Iq5E25KnS6fMYU6eOk=
github.com/fsnotify/fsnotify v1.5.4/go.mod h1:OVB6XrOHzAwXMpEM7uPOzcehqUV2UqJxmVXmkdnm1bU=
github.com/matryer/try v0.0.0-20161228173917-9ac251b645a2/go.mod h1:0KeJpeMD6o+O4hW7qJOT7vyQPKrWmj26uf5wMc/IiIs=
github.com/pmezard/go-difflib v1.0.0 h1:4DBwDE0NGyQoBHbLQYPwSUPoCMWR5BEzIk/f1lZbAQM=
github.com/pmezard/go-difflib v1.0.0/go.mod h1:iKH77koFhYxTK1pcRnkKkqfTogsbg7gZNVY4sRDYZ/4=
github.com/sfomuseum/go-edtf v0.3.0/go.mod h1:1rP0EJZ/84j3HO80vGcnG2T9MFBDAFyTNtjrr8cv3T4=
github.com/sfomuseum/go-edtf v1.1.1 h1:R5gElndHGDaK/rGSh2X+ulaLtlcHCdQA1cTzB8e9wv8=
github.com/sfomuseum/go-edtf v1.1.1/go.mod h1:1rP0EJZ/84j3HO80vGcnG2T9MFBDAFyTNtjrr8cv3T4=
github.com/sfomuseum/go-edtf-http v0.0.4 h1:pDQCXqH3GLxnm1YwkNdrndTltXIGCiBPflOv0UE4b+Y=
github.com/sfomuseum/go-edtf-http v0.0.4/go.mod h1:Qs107e6nMe1wSGaqOV8sLYDI9dsrpROfLIMnDbp9aG8=
github.com/sfomuseum/go-flags v0.8.2/go.mod h1:ML3DTNbF9xnjExSdS/9FtVLjIUhRU5gm/ehzISv+t2w=
github.com/sfomuseum/go-flags v0.10.0 h1:1OC1ACxpWMsl3XQ9OeNVMQj7Zi2CzufP3Rym3mPI8HU=
github.com/sfomuseum/go-flags v0.10.0/go.mod h1:VXOnnX1/yxQpX2yiwHaBV6aCmhtszQOL5bL1/nNo3co=
github.com/sfomuseum/go-http-rollup v0.0.2 h1:cc0p0pppG1VJc6o3IUdkbocPnJedRzOqxWFNlz2mkYM=
github.com/sfomuseum/go-http-rollup v0.0.2/go.mod h1:kxVTXkkaUsxVAMq3lFSNoILzKkv1L4ETuaQiDCQcBfI=
github.com/spf13/pflag v1.0.5/go.mod h1:McXfInJRrz4CZXVZOBLb0bTZqETkiAhM9Iw0y3An2Bg=
github.com/stretchr/objx v0.1.0/go.mod h1:HFkY916IF+rwdDfMAkV7OtwuqBVzrE8GR6GFx+wExME=
github.com/stretchr/testify v1.3.0/go.mod h1:M5WIy9Dh21IEIfnGCwXGc5bZfKNJtfHm1UVUgZn+9EI=
github.com/stretchr/testify v1.7.2 h1:4jaiDzPyXQvSd7D0EjG45355tLlV3VOECpq10pLC+8s=
github.com/tdewolff/minify/v2 v2.12.4 h1:kejsHQMM17n6/gwdw53qsi6lg0TGddZADVyQOz1KMdE=
github.com/tdewolff/minify/v2 v2.12.4/go.mod h1:h+SRvSIX3kwgwTFOpSckvSxgax3uy8kZTSF1Ojrr3bk=
github.com/tdewolff/parse/v2 v2.6.4 h1:KCkDvNUMof10e3QExio9OPZJT8SbdKojLBumw8YZycQ=
github.com/tdewolff/parse/v2 v2.6.4/go.mod h1:woz0cgbLwFdtbjJu8PIKxhW05KplTFQkOdX78o+Jgrs=
github.com/tdewolff/test v1.0.7 h1:8Vs0142DmPFW/bQeHRP3MV19m1gvndjUb1sn8yy74LM=
github.com/tdewolff/test v1.0.7/go.mod h1:6DAvZliBAAnD7rhVgwaM7DE5/d9NMOAJ09SqYqeK4QE=
github.com/whosonfirst/algnhsa v0.1.0/go.mod h1:swLBXxaVTv3s6dJLhekdQCuCTshUew+xHjptRC21RG0=
github.com/whosonfirst/go-sanitize v0.1.0 h1:ygSqCnakwdzH/m8UEa15zXGDsoo5/JJeRkgmAjXZrBU=
github.com/whosonfirst/go-sanitize v0.1.0/go.mod h1:p/emgbafMM0p5iVAz2XWwecYPl06Tw4Jos9rhTKIrt8=
golang.org/x/net v0.8.0 h1:Zrh2ngAOFYneWTAIAPethzeaQLuHwhuBkuV6ZiRnUaQ=
golang.org/x/net v0.8.0/go.mod h1:QVkue5JL9kW//ek3r6jTKnTFis1tRmNAW2P1shuFdJc=
golang.org/x/sys v0.0.0-20220412211240-33da011f77ad/go.mod h1:oPkhp1MJrh7nUepCBck5+mAzfO9JrbApNNgaTdGDITg=
gopkg.in/yaml.v3 v3.0.1 h1:fxVm/GzAzEWqLHuvctI91KS9hhNmmWOoWu0XTYJS7CA=
