github.com/aaronland/go-http-bootstrap v0.0.6 h1:Q171Sh421QuVx8bGA3+wZIje6OmWaeMCeNRaVXgwxzs=
github.com/aaronland/go-http-bootstrap v0.0.6/go.mod h1:mydJS+3/wI6g8ROiYsGdqG4cYFNp8KTicxMj5lWxbCo=
github.com/aaronland/go-http-rewrite v0.0.5 h1:QA1AE5IVDi76FeFBGlomyKlwMfcaIhBvLzFGNsO/2Co=
github.com/aaronland/go-http-rewrite v0.0.5/go.mod h1:HdrFqPsolWHaLgDliK+HUuhuJaJM7YaN7q1fCMEqjYQ=
github.com/aaronland/go-http-sanitize v0.0.4 h1:oAYe5DbtbDS6x5Rygv5II6fDHzATGIAyY4/ZDZ63G2w=
github.com/aaronland/go-http-sanitize v0.0.4/go.mod h1:qUi4rzUPcpMntpUFnHK00yQI5vd/Q7x9MFYwX91/ygI=
github.com/aaronland/go-http-server v0.0.5 h1:DxQKt2tcoq27gjqMJ9/wKyTu0briY9lPuKwBTXXh90o=
github.com/aaronland/go-http-server v0.0.5/go.mod h1:6dtsZDrQG0XvUOCL0eaHsUw+7gw3Xa/Nm+XofvkSw2w=
github.com/aaronland/go-roster v0.0.2 h1:2Fu7v4VQLRLRL/Zgr6R9S5JxsW75Ab/K88QtMVX532s=
github.com/aaronland/go-roster v0.0.2/go.mod h1:AcovpxlG1XxJxX2Fjqlm63fEIBhCjEIBV4lP87FZDmI=
github.com/akrylysov/algnhsa v0.0.0-20190319020909-05b3d192e9a7/go.mod h1:HhzjNA0EjUWcwHTUMwqrpeAdIF3gRmpH0HpWx1hYJSc=
github.com/aws/aws-lambda-go v1.9.0/go.mod h1:zUsUQhAUjYzR8AuduJPCfhBuKWUaDbQiPOG+ouzmE1A=
github.com/aws/aws-lambda-go v1.10.0 h1:uafgdfYGQD0UeT7d2uKdyWW8j/ZYRifRPIdmeqLzLCk=
github.com/aws/aws-lambda-go v1.10.0/go.mod h1:zUsUQhAUjYzR8AuduJPCfhBuKWUaDbQiPOG+ouzmE1A=
github.com/davecgh/go-spew v1.1.0/go.mod h1:J7Y8YcW2NihsgmVo/mv3lAwl/skON4iLHjSsI+c5H38=
github.com/pmezard/go-difflib v1.0.0/go.mod h1:iKH77koFhYxTK1pcRnkKkqfTogsbg7gZNVY4sRDYZ/4=
github.com/rs/cors v1.7.0/go.mod h1:gFx+x8UowdsKA9AchylcLynDq+nNFfI8FkUZdN/jGCU=
github.com/sfomuseum/go-edtf v0.0.0-20210107183346-c64f95db59cd h1:1g0NOq24HvUFd1hVTu8B7WPiGK9SBb04I1/IOuleV2c=
github.com/sfomuseum/go-edtf v0.0.0-20210107183346-c64f95db59cd/go.mod h1:1rP0EJZ/84j3HO80vGcnG2T9MFBDAFyTNtjrr8cv3T4=
github.com/sfomuseum/go-edtf v0.0.0-20210107194158-c58966460526 h1:w29Phbkd1G7dsAnAgx1vYo5HghZygb/Onccr/ftPLd8=
github.com/sfomuseum/go-edtf v0.0.0-20210107194158-c58966460526/go.mod h1:1rP0EJZ/84j3HO80vGcnG2T9MFBDAFyTNtjrr8cv3T4=
github.com/sfomuseum/go-edtf v0.1.0 h1:ZtGEqionTmehMa0mQAJ3lDH3zaMNY9V8f+vHYNKpHoM=
github.com/sfomuseum/go-edtf v0.1.0/go.mod h1:1rP0EJZ/84j3HO80vGcnG2T9MFBDAFyTNtjrr8cv3T4=
github.com/sfomuseum/go-edtf v0.2.0 h1:4fOK7kXC6mGVpntlt5ItbJZmJTaigYlJkkkNqR3AjMY=
github.com/sfomuseum/go-edtf v0.2.0/go.mod h1:1rP0EJZ/84j3HO80vGcnG2T9MFBDAFyTNtjrr8cv3T4=
github.com/sfomuseum/go-edtf v0.2.1 h1:wIbFlBK5jbqQOR3D79iTB+dZTBcs7DPFigPPimgkepg=
github.com/sfomuseum/go-edtf v0.2.1/go.mod h1:1rP0EJZ/84j3HO80vGcnG2T9MFBDAFyTNtjrr8cv3T4=
github.com/sfomuseum/go-edtf-http v0.0.0-20210109010542-0c4c6271afa3 h1:F7z2hNycSSDTyKBJ4BCJuikOntdbnstPG5U+tPCplkI=
github.com/sfomuseum/go-edtf-http v0.0.0-20210109010542-0c4c6271afa3/go.mod h1:9XcI293mHv1zv4YNhZutPgfmJsRUsFKMN/ActV/dZFU=
github.com/sfomuseum/go-edtf-http v0.0.1 h1:yOs49R5xrOlRJu7SOBj+i1biqoZyey/5YYnk8NwZRcI=
github.com/sfomuseum/go-edtf-http v0.0.1/go.mod h1:9XcI293mHv1zv4YNhZutPgfmJsRUsFKMN/ActV/dZFU=
github.com/sfomuseum/go-flags v0.5.0 h1:tbJ88KdBRqhtJo+IoWBJnVpetAYA26fS1WNT6eGWCQ8=
github.com/sfomuseum/go-flags v0.5.0/go.mod h1:ML3DTNbF9xnjExSdS/9FtVLjIUhRU5gm/ehzISv+t2w=
github.com/stretchr/objx v0.1.0/go.mod h1:HFkY916IF+rwdDfMAkV7OtwuqBVzrE8GR6GFx+wExME=
github.com/stretchr/testify v1.3.0/go.mod h1:M5WIy9Dh21IEIfnGCwXGc5bZfKNJtfHm1UVUgZn+9EI=
github.com/whosonfirst/algnhsa v0.1.0 h1:8wVksKaz1qor2Y6+fiLEPEPxsEEvUQgSdtSTQLMrnlA=
github.com/whosonfirst/algnhsa v0.1.0/go.mod h1:swLBXxaVTv3s6dJLhekdQCuCTshUew+xHjptRC21RG0=
github.com/whosonfirst/go-bindata v0.1.0/go.mod h1:qaBkVepgCeknoVuYsUXTJpnlxqrEcZzaIaqZ6XaK+Hk=
github.com/whosonfirst/go-bindata-assetfs v1.0.1 h1:AA328GrND8/uDkf5+5U9Fakgr7QkzET/a6uuXDYpQp0=
github.com/whosonfirst/go-bindata-assetfs v1.0.1/go.mod h1:ZCQnq9roYYk19IAwLQyMnDPSmE+lns9K85+85JSQ4DI=
github.com/whosonfirst/go-sanitize v0.1.0 h1:ygSqCnakwdzH/m8UEa15zXGDsoo5/JJeRkgmAjXZrBU=
github.com/whosonfirst/go-sanitize v0.1.0/go.mod h1:p/emgbafMM0p5iVAz2XWwecYPl06Tw4Jos9rhTKIrt8=
golang.org/x/crypto v0.0.0-20190308221718-c2843e01d9a2/go.mod h1:djNgcEr1/C05ACkg1iLfiJU5Ep61QUkGW8qpdssI0+w=
golang.org/x/crypto v0.0.0-20200622213623-75b288015ac9/go.mod h1:LzIPMQfyMNhhGPhUkYOs5KpL4U8rLKemX1yGLhDgUto=
golang.org/x/net v0.0.0-20190404232315-eb5bcb51f2a3/go.mod h1:t9HGtf8HONx5eT2rtn7q6eTqICYqUVnKs3thJo3Qplg=
golang.org/x/net v0.0.0-20200519113804-d87ec0cfa476/go.mod h1:qpuaurCH72eLCgpAm/N6yyVIVM9cpaDIP3A8BGJEC5A=
golang.org/x/net v0.0.0-20200707034311-ab3426394381 h1:VXak5I6aEWmAXeQjA+QSZzlgNrpq9mjcfDemuexIKsU=
golang.org/x/net v0.0.0-20200707034311-ab3426394381/go.mod h1:/O7V0waA8r7cgGh81Ro3o1hOxt32SMVPicZroKQ2sZA=
golang.org/x/sys v0.0.0-20190215142949-d0b11bdaac8a/go.mod h1:STP8DvDyc/dI5b8T5hshtkjS+E42TnysNCUPdjciGhY=
golang.org/x/sys v0.0.0-20190412213103-97732733099d/go.mod h1:h1NjWce9XRLGQEsW7wpKNCjG9DtNlClVuFLEZdDNbEs=
golang.org/x/sys v0.0.0-20200323222414-85ca7c5b95cd/go.mod h1:h1NjWce9XRLGQEsW7wpKNCjG9DtNlClVuFLEZdDNbEs=
golang.org/x/text v0.3.0/go.mod h1:NqM8EUOU14njkJ3fqMW+pc6Ldnwhi/IjpwHt7yyuwOQ=
